
Microsoft Visual Studio Solution File, Format Version 12.00
# Visual Studio Version 16
VisualStudioVersion = 16.0.31410.357
MinimumVisualStudioVersion = 10.0.40219.1
Project("{FAE04EC0-301F-11D3-BF4B-00C04F79EFBC}") = "MainApp.UWP", "MainApp\MainApp.UWP\MainApp.UWP.csproj", "{60E1B438-8CF5-4B57-ACC7-C116E9C32BA1}"
EndProject
Project("{FAE04EC0-301F-11D3-BF4B-00C04F79EFBC}") = "MainApp.Android", "MainApp\MainApp.Android\MainApp.Android.csproj", "{725023F3-75F6-4BEE-A4B4-9026ED20759F}"
EndProject
Project("{FAE04EC0-301F-11D3-BF4B-00C04F79EFBC}") = "MainApp.iOS", "MainApp\MainApp.iOS\MainApp.iOS.csproj", "{500862C1-B257-4BEE-8408-462E13CEAA09}"
EndProject
Project("{FAE04EC0-301F-11D3-BF4B-00C04F79EFBC}") = "MainApp", "MainApp\MainApp\MainApp.csproj", "{0D396245-5020-48BF-8668-3ECFD918A15B}"
EndProject
Global
	GlobalSection(SolutionConfigurationPlatforms) = preSolution
		Debug|Any CPU = Debug|Any CPU
		Debug|ARM = Debug|ARM
		Debug|iPhone = Debug|iPhone
		Debug|iPhoneSimulator = Debug|iPhoneSimulator
		Debug|x64 = Debug|x64
		Debug|x86 = Debug|x86
		Release|Any CPU = Release|Any CPU
		Release|ARM = Release|ARM
		Release|iPhone = Release|iPhone
		Release|iPhoneSimulator = Release|iPhoneSimulator
		Release|x64 = Release|x64
		Release|x86 = Release|x86
	EndGlobalSection
	GlobalSection(ProjectConfigurationPlatforms) = postSolution
		{60E1B438-8CF5-4B57-ACC7-C116E9C32BA1}.Debug|Any CPU.ActiveCfg = Debug|x86
		{60E1B438-8CF5-4B57-ACC7-C116E9C32BA1}.Debug|Any CPU.Build.0 = Debug|x86
		{60E1B438-8CF5-4B57-ACC7-C116E9C32BA1}.Debug|Any CPU.Deploy.0 = Debug|x86
		{60E1B438-8CF5-4B57-ACC7-C116E9C32BA1}.Debug|ARM.ActiveCfg = Debug|ARM
		{60E1B438-8CF5-4B57-ACC7-C116E9C32BA1}.Debug|ARM.Build.0 = Debug|ARM
		{60E1B438-8CF5-4B57-ACC7-C116E9C32BA1}.Debug|ARM.Deploy.0 = Debug|ARM
		{60E1B438-8CF5-4B57-ACC7-C116E9C32BA1}.Debug|iPhone.ActiveCfg = Debug|x86
		{60E1B438-8CF5-4B57-ACC7-C116E9C32BA1}.Debug|iPhone.Build.0 = Debug|x86
		{60E1B438-8CF5-4B57-ACC7-C116E9C32BA1}.Debug|iPhone.Deploy.0 = Debug|x86
		{60E1B438-8CF5-4B57-ACC7-C116E9C32BA1}.Debug|iPhoneSimulator.ActiveCfg = Debug|x86
		{60E1B438-8CF5-4B57-ACC7-C116E9C32BA1}.Debug|iPhoneSimulator.Build.0 = Debug|x86
		{60E1B438-8CF5-4B57-ACC7-C116E9C32BA1}.Debug|iPhoneSimulator.Deploy.0 = Debug|x86
		{60E1B438-8CF5-4B57-ACC7-C116E9C32BA1}.Debug|x64.ActiveCfg = Debug|x64
		{60E1B438-8CF5-4B57-ACC7-C116E9C32BA1}.Debug|x64.Build.0 = Debug|x64
		{60E1B438-8CF5-4B57-ACC7-C116E9C32BA1}.Debug|x64.Deploy.0 = Debug|x64
		{60E1B438-8CF5-4B57-ACC7-C116E9C32BA1}.Debug|x86.ActiveCfg = Debug|x86
		{60E1B438-8CF5-4B57-ACC7-C116E9C32BA1}.Debug|x86.Build.0 = Debug|x86
		{60E1B438-8CF5-4B57-ACC7-C116E9C32BA1}.Debug|x86.Deploy.0 = Debug|x86
		{60E1B438-8CF5-4B57-ACC7-C116E9C32BA1}.Release|Any CPU.ActiveCfg = Release|x86
		{60E1B438-8CF5-4B57-ACC7-C116E9C32BA1}.Release|Any CPU.Build.0 = Release|x86
		{60E1B438-8CF5-4B57-ACC7-C116E9C32BA1}.Release|Any CPU.Deploy.0 = Release|x86
		{60E1B438-8CF5-4B57-ACC7-C116E9C32BA1}.Release|ARM.ActiveCfg = Release|ARM
		{60E1B438-8CF5-4B57-ACC7-C116E9C32BA1}.Release|ARM.Build.0 = Release|ARM
		{60E1B438-8CF5-4B57-ACC7-C116E9C32BA1}.Release|ARM.Deploy.0 = Release|ARM
		{60E1B438-8CF5-4B57-ACC7-C116E9C32BA1}.Release|iPhone.ActiveCfg = Release|x86
		{60E1B438-8CF5-4B57-ACC7-C116E9C32BA1}.Release|iPhone.Build.0 = Release|x86
		{60E1B438-8CF5-4B57-ACC7-C116E9C32BA1}.Release|iPhone.Deploy.0 = Release|x86
		{60E1B438-8CF5-4B57-ACC7-C116E9C32BA1}.Release|iPhoneSimulator.ActiveCfg = Release|x86
		{60E1B438-8CF5-4B57-ACC7-C116E9C32BA1}.Release|iPhoneSimulator.Build.0 = Release|x86
		{60E1B438-8CF5-4B57-ACC7-C116E9C32BA1}.Release|iPhoneSimulator.Deploy.0 = Release|x86
		{60E1B438-8CF5-4B57-ACC7-C116E9C32BA1}.Release|x64.ActiveCfg = Release|x64
		{60E1B438-8CF5-4B57-ACC7-C116E9C32BA1}.Release|x64.Build.0 = Release|x64
		{60E1B438-8CF5-4B57-ACC7-C116E9C32BA1}.Release|x64.Deploy.0 = Release|x64
		{60E1B438-8CF5-4B57-ACC7-C116E9C32BA1}.Release|x86.ActiveCfg = Release|x86
		{60E1B438-8CF5-4B57-ACC7-C116E9C32BA1}.Release|x86.Build.0 = Release|x86
		{60E1B438-8CF5-4B57-ACC7-C116E9C32BA1}.Release|x86.Deploy.0 = Release|x86
		{725023F3-75F6-4BEE-A4B4-9026ED20759F}.Debug|Any CPU.ActiveCfg = Debug|Any CPU
		{725023F3-75F6-4BEE-A4B4-9026ED20759F}.Debug|Any CPU.Build.0 = Debug|Any CPU
		{725023F3-75F6-4BEE-A4B4-9026ED20759F}.Debug|Any CPU.Deploy.0 = Debug|Any CPU
		{725023F3-75F6-4BEE-A4B4-9026ED20759F}.Debug|ARM.ActiveCfg = Debug|Any CPU
		{725023F3-75F6-4BEE-A4B4-9026ED20759F}.Debug|ARM.Build.0 = Debug|Any CPU
		{725023F3-75F6-4BEE-A4B4-9026ED20759F}.Debug|ARM.Deploy.0 = Debug|Any CPU
		{725023F3-75F6-4BEE-A4B4-9026ED20759F}.Debug|iPhone.ActiveCfg = Debug|Any CPU
		{725023F3-75F6-4BEE-A4B4-9026ED20759F}.Debug|iPhone.Build.0 = Debug|Any CPU
		{725023F3-75F6-4BEE-A4B4-9026ED20759F}.Debug|iPhone.Deploy.0 = Debug|Any CPU
		{725023F3-75F6-4BEE-A4B4-9026ED20759F}.Debug|iPhoneSimulator.ActiveCfg = Debug|Any CPU
		{725023F3-75F6-4BEE-A4B4-9026ED20759F}.Debug|iPhoneSimulator.Build.0 = Debug|Any CPU
		{725023F3-75F6-4BEE-A4B4-9026ED20759F}.Debug|iPhoneSimulator.Deploy.0 = Debug|Any CPU
		{725023F3-75F6-4BEE-A4B4-9026ED20759F}.Debug|x64.ActiveCfg = Debug|Any CPU
		{725023F3-75F6-4BEE-A4B4-9026ED20759F}.Debug|x64.Build.0 = Debug|Any CPU
		{725023F3-75F6-4BEE-A4B4-9026ED20759F}.Debug|x64.Deploy.0 = Debug|Any CPU
		{725023F3-75F6-4BEE-A4B4-9026ED20759F}.Debug|x86.ActiveCfg = Debug|Any CPU
		{725023F3-75F6-4BEE-A4B4-9026ED20759F}.Debug|x86.Build.0 = Debug|Any CPU
		{725023F3-75F6-4BEE-A4B4-9026ED20759F}.Debug|x86.Deploy.0 = Debug|Any CPU
		{725023F3-75F6-4BEE-A4B4-9026ED20759F}.Release|Any CPU.ActiveCfg = Release|Any CPU
		{725023F3-75F6-4BEE-A4B4-9026ED20759F}.Release|Any CPU.Build.0 = Release|Any CPU
		{725023F3-75F6-4BEE-A4B4-9026ED20759F}.Release|Any CPU.Deploy.0 = Release|Any CPU
		{725023F3-75F6-4BEE-A4B4-9026ED20759F}.Release|ARM.ActiveCfg = Release|Any CPU
		{725023F3-75F6-4BEE-A4B4-9026ED20759F}.Release|ARM.Build.0 = Release|Any CPU
		{725023F3-75F6-4BEE-A4B4-9026ED20759F}.Release|ARM.Deploy.0 = Release|Any CPU
		{725023F3-75F6-4BEE-A4B4-9026ED20759F}.Release|iPhone.ActiveCfg = Release|Any CPU
		{725023F3-75F6-4BEE-A4B4-9026ED20759F}.Release|iPhone.Build.0 = Release|Any CPU
		{725023F3-75F6-4BEE-A4B4-9026ED20759F}.Release|iPhone.Deploy.0 = Release|Any CPU
		{725023F3-75F6-4BEE-A4B4-9026ED20759F}.Release|iPhoneSimulator.ActiveCfg = Release|Any CPU
		{725023F3-75F6-4BEE-A4B4-9026ED20759F}.Release|iPhoneSimulator.Build.0 = Release|Any CPU
		{725023F3-75F6-4BEE-A4B4-9026ED20759F}.Release|iPhoneSimulator.Deploy.0 = Release|Any CPU
		{725023F3-75F6-4BEE-A4B4-9026ED20759F}.Release|x64.ActiveCfg = Release|Any CPU
		{725023F3-75F6-4BEE-A4B4-9026ED20759F}.Release|x64.Build.0 = Release|Any CPU
		{725023F3-75F6-4BEE-A4B4-9026ED20759F}.Release|x64.Deploy.0 = Release|Any CPU
		{725023F3-75F6-4BEE-A4B4-9026ED20759F}.Release|x86.ActiveCfg = Release|Any CPU
		{725023F3-75F6-4BEE-A4B4-9026ED20759F}.Release|x86.Build.0 = Release|Any CPU
		{725023F3-75F6-4BEE-A4B4-9026ED20759F}.Release|x86.Deploy.0 = Release|Any CPU
		{500862C1-B257-4BEE-8408-462E13CEAA09}.Debug|Any CPU.ActiveCfg = Debug|iPhoneSimulator
		{500862C1-B257-4BEE-8408-462E13CEAA09}.Debug|Any CPU.Build.0 = Debug|iPhoneSimulator
		{500862C1-B257-4BEE-8408-462E13CEAA09}.Debug|Any CPU.Deploy.0 = Debug|iPhoneSimulator
		{500862C1-B257-4BEE-8408-462E13CEAA09}.Debug|ARM.ActiveCfg = Debug|iPhone
		{500862C1-B257-4BEE-8408-462E13CEAA09}.Debug|ARM.Build.0 = Debug|iPhone
		{500862C1-B257-4BEE-8408-462E13CEAA09}.Debug|ARM.Deploy.0 = Debug|iPhone
		{500862C1-B257-4BEE-8408-462E13CEAA09}.Debug|iPhone.ActiveCfg = Debug|iPhone
		{500862C1-B257-4BEE-8408-462E13CEAA09}.Debug|iPhone.Build.0 = Debug|iPhone
		{500862C1-B257-4BEE-8408-462E13CEAA09}.Debug|iPhone.Deploy.0 = Debug|iPhone
		{500862C1-B257-4BEE-8408-462E13CEAA09}.Debug|iPhoneSimulator.ActiveCfg = Debug|iPhoneSimulator
		{500862C1-B257-4BEE-8408-462E13CEAA09}.Debug|iPhoneSimulator.Build.0 = Debug|iPhoneSimulator
		{500862C1-B257-4BEE-8408-462E13CEAA09}.Debug|iPhoneSimulator.Deploy.0 = Debug|iPhoneSimulator
		{500862C1-B257-4BEE-8408-462E13CEAA09}.Debug|x64.ActiveCfg = Debug|iPhoneSimulator
		{500862C1-B257-4BEE-8408-462E13CEAA09}.Debug|x64.Build.0 = Debug|iPhoneSimulator
		{500862C1-B257-4BEE-8408-462E13CEAA09}.Debug|x64.Deploy.0 = Debug|iPhoneSimulator
		{500862C1-B257-4BEE-8408-462E13CEAA09}.Debug|x86.ActiveCfg = Debug|iPhoneSimulator
		{500862C1-B257-4BEE-8408-462E13CEAA09}.Debug|x86.Build.0 = Debug|iPhoneSimulator
		{500862C1-B257-4BEE-8408-462E13CEAA09}.Debug|x86.Deploy.0 = Debug|iPhoneSimulator
		{500862C1-B257-4BEE-8408-462E13CEAA09}.Release|Any CPU.ActiveCfg = Release|iPhoneSimulator
		{500862C1-B257-4BEE-8408-462E13CEAA09}.Release|Any CPU.Build.0 = Release|iPhoneSimulator
		{500862C1-B257-4BEE-8408-462E13CEAA09}.Release|Any CPU.Deploy.0 = Release|iPhoneSimulator
		{500862C1-B257-4BEE-8408-462E13CEAA09}.Release|ARM.ActiveCfg = Release|iPhoneSimulator
		{500862C1-B257-4BEE-8408-462E13CEAA09}.Release|ARM.Build.0 = Release|iPhoneSimulator
		{500862C1-B257-4BEE-8408-462E13CEAA09}.Release|ARM.Deploy.0 = Release|iPhoneSimulator
		{500862C1-B257-4BEE-8408-462E13CEAA09}.Release|iPhone.ActiveCfg = Release|iPhone
		{500862C1-B257-4BEE-8408-462E13CEAA09}.Release|iPhone.Build.0 = Release|iPhone
		{500862C1-B257-4BEE-8408-462E13CEAA09}.Release|iPhone.Deploy.0 = Release|iPhone
		{500862C1-B257-4BEE-8408-462E13CEAA09}.Release|iPhoneSimulator.ActiveCfg = Release|iPhoneSimulator
		{500862C1-B257-4BEE-8408-462E13CEAA09}.Release|iPhoneSimulator.Build.0 = Release|iPhoneSimulator
		{500862C1-B257-4BEE-8408-462E13CEAA09}.Release|iPhoneSimulator.Deploy.0 = Release|iPhoneSimulator
		{500862C1-B257-4BEE-8408-462E13CEAA09}.Release|x64.ActiveCfg = Release|iPhoneSimulator
		{500862C1-B257-4BEE-8408-462E13CEAA09}.Release|x64.Build.0 = Release|iPhoneSimulator
		{500862C1-B257-4BEE-8408-462E13CEAA09}.Release|x64.Deploy.0 = Release|iPhoneSimulator
		{500862C1-B257-4BEE-8408-462E13CEAA09}.Release|x86.ActiveCfg = Release|iPhoneSimulator
		{500862C1-B257-4BEE-8408-462E13CEAA09}.Release|x86.Build.0 = Release|iPhoneSimulator
		{500862C1-B257-4BEE-8408-462E13CEAA09}.Release|x86.Deploy.0 = Release|iPhoneSimulator
		{0D396245-5020-48BF-8668-3ECFD918A15B}.Debug|Any CPU.ActiveCfg = Debug|Any CPU
		{0D396245-5020-48BF-8668-3ECFD918A15B}.Debug|Any CPU.Build.0 = Debug|Any CPU
		{0D396245-5020-48BF-8668-3ECFD918A15B}.Debug|Any CPU.Deploy.0 = Debug|Any CPU
		{0D396245-5020-48BF-8668-3ECFD918A15B}.Debug|ARM.ActiveCfg = Debug|Any CPU
		{0D396245-5020-48BF-8668-3ECFD918A15B}.Debug|ARM.Build.0 = Debug|Any CPU
		{0D396245-5020-48BF-8668-3ECFD918A15B}.Debug|ARM.Deploy.0 = Debug|Any CPU
		{0D396245-5020-48BF-8668-3ECFD918A15B}.Debug|iPhone.ActiveCfg = Debug|Any CPU
		{0D396245-5020-48BF-8668-3ECFD918A15B}.Debug|iPhone.Build.0 = Debug|Any CPU
		{0D396245-5020-48BF-8668-3ECFD918A15B}.Debug|iPhone.Deploy.0 = Debug|Any CPU
		{0D396245-5020-48BF-8668-3ECFD918A15B}.Debug|iPhoneSimulator.ActiveCfg = Debug|Any CPU
		{0D396245-5020-48BF-8668-3ECFD918A15B}.Debug|iPhoneSimulator.Build.0 = Debug|Any CPU
		{0D396245-5020-48BF-8668-3ECFD918A15B}.Debug|iPhoneSimulator.Deploy.0 = Debug|Any CPU
		{0D396245-5020-48BF-8668-3ECFD918A15B}.Debug|x64.ActiveCfg = Debug|Any CPU
		{0D396245-5020-48BF-8668-3ECFD918A15B}.Debug|x64.Build.0 = Debug|Any CPU
		{0D396245-5020-48BF-8668-3ECFD918A15B}.Debug|x64.Deploy.0 = Debug|Any CPU
		{0D396245-5020-48BF-8668-3ECFD918A15B}.Debug|x86.ActiveCfg = Debug|Any CPU
		{0D396245-5020-48BF-8668-3ECFD918A15B}.Debug|x86.Build.0 = Debug|Any CPU
		{0D396245-5020-48BF-8668-3ECFD918A15B}.Debug|x86.Deploy.0 = Debug|Any CPU
		{0D396245-5020-48BF-8668-3ECFD918A15B}.Release|Any CPU.ActiveCfg = Release|Any CPU
		{0D396245-5020-48BF-8668-3ECFD918A15B}.Release|Any CPU.Build.0 = Release|Any CPU
		{0D396245-5020-48BF-8668-3ECFD918A15B}.Release|Any CPU.Deploy.0 = Release|Any CPU
		{0D396245-5020-48BF-8668-3ECFD918A15B}.Release|ARM.ActiveCfg = Release|Any CPU
		{0D396245-5020-48BF-8668-3ECFD918A15B}.Release|ARM.Build.0 = Release|Any CPU
		{0D396245-5020-48BF-8668-3ECFD918A15B}.Release|ARM.Deploy.0 = Release|Any CPU
		{0D396245-5020-48BF-8668-3ECFD918A15B}.Release|iPhone.ActiveCfg = Release|Any CPU
		{0D396245-5020-48BF-8668-3ECFD918A15B}.Release|iPhone.Build.0 = Release|Any CPU
		{0D396245-5020-48BF-8668-3ECFD918A15B}.Release|iPhone.Deploy.0 = Release|Any CPU
		{0D396245-5020-48BF-8668-3ECFD918A15B}.Release|iPhoneSimulator.ActiveCfg = Release|Any CPU
		{0D396245-5020-48BF-8668-3ECFD918A15B}.Release|iPhoneSimulator.Build.0 = Release|Any CPU
		{0D396245-5020-48BF-8668-3ECFD918A15B}.Release|iPhoneSimulator.Deploy.0 = Release|Any CPU
		{0D396245-5020-48BF-8668-3ECFD918A15B}.Release|x64.ActiveCfg = Release|Any CPU
		{0D396245-5020-48BF-8668-3ECFD918A15B}.Release|x64.Build.0 = Release|Any CPU
		{0D396245-5020-48BF-8668-3ECFD918A15B}.Release|x64.Deploy.0 = Release|Any CPU
		{0D396245-5020-48BF-8668-3ECFD918A15B}.Release|x86.ActiveCfg = Release|Any CPU
		{0D396245-5020-48BF-8668-3ECFD918A15B}.Release|x86.Build.0 = Release|Any CPU
		{0D396245-5020-48BF-8668-3ECFD918A15B}.Release|x86.Deploy.0 = Release|Any CPU
	EndGlobalSection
	GlobalSection(SolutionProperties) = preSolution
		HideSolutionNode = FALSE
	EndGlobalSection
	GlobalSection(ExtensibilityGlobals) = postSolution
		SolutionGuid = {C1B029B8-7495-4ED9-99D5-3741F08F9C45}
	EndGlobalSection
EndGlobal
